
Microsoft Visual Studio Solution File, Format Version 12.00
# Visual Studio 15
Project("{FAE04EC0-301F-11D3-BF4B-00C04F79EFBC}") = "Assembly-CSharp", "Assembly-CSharp.csproj", "{1EF1EF2D-3CEB-446A-F5A1-94634D27FA31}"
EndProject
Project("{FAE04EC0-301F-11D3-BF4B-00C04F79EFBC}") = "Assembly-CSharp-Editor", "Assembly-CSharp-Editor.csproj", "{8F9DEC9B-41EF-CC5F-B3CE-D53A45CC9139}"
EndProject
Global
	GlobalSection(SolutionConfigurationPlatforms) = preSolution
		Debug|Any CPU = Debug|Any CPU
		Release|Any CPU = Release|Any CPU
	EndGlobalSection
	GlobalSection(ProjectConfigurationPlatforms) = postSolution
		{1EF1EF2D-3CEB-446A-F5A1-94634D27FA31}.Debug|Any CPU.ActiveCfg = Debug|Any CPU
		{1EF1EF2D-3CEB-446A-F5A1-94634D27FA31}.Debug|Any CPU.Build.0 = Debug|Any CPU
		{1EF1EF2D-3CEB-446A-F5A1-94634D27FA31}.Release|Any CPU.ActiveCfg = Release|Any CPU
		{1EF1EF2D-3CEB-446A-F5A1-94634D27FA31}.Release|Any CPU.Build.0 = Release|Any CPU
		{8F9DEC9B-41EF-CC5F-B3CE-D53A45CC9139}.Debug|Any CPU.ActiveCfg = Debug|Any CPU
		{8F9DEC9B-41EF-CC5F-B3CE-D53A45CC9139}.Debug|Any CPU.Build.0 = Debug|Any CPU
		{8F9DEC9B-41EF-CC5F-B3CE-D53A45CC9139}.Release|Any CPU.ActiveCfg = Release|Any CPU
		{8F9DEC9B-41EF-CC5F-B3CE-D53A45CC9139}.Release|Any CPU.Build.0 = Release|Any CPU
	EndGlobalSection
	GlobalSection(SolutionProperties) = preSolution
		HideSolutionNode = FALSE
	EndGlobalSection
	GlobalSection(MonoDevelopProperties) = preSolution
		StartupItem = Assembly-CSharp.csproj
	EndGlobalSection
EndGlobal
